
Microsoft Visual Studio Solution File, Format Version 12.00
Project("{FAE04EC0-301F-11D3-BF4B-00C04F79EFBC}") = "Seleniumtests_staseva_oksana", "Seleniumtests_staseva_oksana\Seleniumtests_staseva_oksana.csproj", "{D6419E06-6C58-4F4A-83B5-982E95065E67}"
EndProject
Global
	GlobalSection(SolutionConfigurationPlatforms) = preSolution
		Debug|Any CPU = Debug|Any CPU
		Release|Any CPU = Release|Any CPU
	EndGlobalSection
	GlobalSection(ProjectConfigurationPlatforms) = postSolution
		{D6419E06-6C58-4F4A-83B5-982E95065E67}.Debug|Any CPU.ActiveCfg = Debug|Any CPU
		{D6419E06-6C58-4F4A-83B5-982E95065E67}.Debug|Any CPU.Build.0 = Debug|Any CPU
		{D6419E06-6C58-4F4A-83B5-982E95065E67}.Release|Any CPU.ActiveCfg = Release|Any CPU
		{D6419E06-6C58-4F4A-83B5-982E95065E67}.Release|Any CPU.Build.0 = Release|Any CPU
	EndGlobalSection
EndGlobal
